
Microsoft Visual Studio Solution File, Format Version 12.00
# Visual Studio Version 17
VisualStudioVersion = 17.0.31903.59
MinimumVisualStudioVersion = 10.0.40219.1
Project("{2150E333-8FDC-42A3-9474-1A3956D46DE8}") = "Services", "Services", "{18F1CB20-F102-4913-951F-0593E6691CAF}"
EndProject
Project("{2150E333-8FDC-42A3-9474-1A3956D46DE8}") = "Catalog", "Catalog", "{CFA7C31D-A930-42B7-A7C2-A9015F3159B9}"
EndProject
Project("{FAE04EC0-301F-11D3-BF4B-00C04F79EFBC}") = "Catalog.API", "Services\Catalog\Catalog.API\Catalog.API.csproj", "{61D328E7-013F-48F0-B834-115CA79FC325}"
EndProject
Project("{2150E333-8FDC-42A3-9474-1A3956D46DE8}") = "BuildingBlocks", "BuildingBlocks", "{6CBA9902-2974-47CE-9DAE-3B572AAB8005}"
EndProject
Project("{FAE04EC0-301F-11D3-BF4B-00C04F79EFBC}") = "BuildingBlocks", "BuildingBlocks\BuildingBlocks\BuildingBlocks.csproj", "{8E230D07-F0FC-48E8-9AB9-774975DE22E0}"
EndProject
Global
	GlobalSection(SolutionConfigurationPlatforms) = preSolution
		Debug|Any CPU = Debug|Any CPU
		Release|Any CPU = Release|Any CPU
	EndGlobalSection
	GlobalSection(ProjectConfigurationPlatforms) = postSolution
		{61D328E7-013F-48F0-B834-115CA79FC325}.Debug|Any CPU.ActiveCfg = Debug|Any CPU
		{61D328E7-013F-48F0-B834-115CA79FC325}.Debug|Any CPU.Build.0 = Debug|Any CPU
		{61D328E7-013F-48F0-B834-115CA79FC325}.Release|Any CPU.ActiveCfg = Release|Any CPU
		{61D328E7-013F-48F0-B834-115CA79FC325}.Release|Any CPU.Build.0 = Release|Any CPU
		{8E230D07-F0FC-48E8-9AB9-774975DE22E0}.Debug|Any CPU.ActiveCfg = Debug|Any CPU
		{8E230D07-F0FC-48E8-9AB9-774975DE22E0}.Debug|Any CPU.Build.0 = Debug|Any CPU
		{8E230D07-F0FC-48E8-9AB9-774975DE22E0}.Release|Any CPU.ActiveCfg = Release|Any CPU
		{8E230D07-F0FC-48E8-9AB9-774975DE22E0}.Release|Any CPU.Build.0 = Release|Any CPU
	EndGlobalSection
	GlobalSection(SolutionProperties) = preSolution
		HideSolutionNode = FALSE
	EndGlobalSection
	GlobalSection(NestedProjects) = preSolution
		{CFA7C31D-A930-42B7-A7C2-A9015F3159B9} = {18F1CB20-F102-4913-951F-0593E6691CAF}
		{61D328E7-013F-48F0-B834-115CA79FC325} = {CFA7C31D-A930-42B7-A7C2-A9015F3159B9}
		{8E230D07-F0FC-48E8-9AB9-774975DE22E0} = {6CBA9902-2974-47CE-9DAE-3B572AAB8005}
	EndGlobalSection
EndGlobal
